// !$*UTF8*$!
{
	archiveVersion = 1;
	classes = {
	};
	objectVersion = 50;
	objects = {

/* Begin PBXBuildFile section */
		5D0BE5ED26CED81D009E9336 /* AdoptAPetApp.swift in Sources */ = {isa = PBXBuildFile; fileRef = 5D0BE5EC26CED81D009E9336 /* AdoptAPetApp.swift */; };
		5D0BE5EF26CED81D009E9336 /* ContentView.swift in Sources */ = {isa = PBXBuildFile; fileRef = 5D0BE5EE26CED81D009E9336 /* ContentView.swift */; };
		5D0BE5F126CED821009E9336 /* Assets.xcassets in Resources */ = {isa = PBXBuildFile; fileRef = 5D0BE5F026CED821009E9336 /* Assets.xcassets */; };
		5D0BE5F426CED821009E9336 /* Preview Assets.xcassets in Resources */ = {isa = PBXBuildFile; fileRef = 5D0BE5F326CED821009E9336 /* Preview Assets.xcassets */; };
		5DD5EFEF26CEFC8A009E341B /* HomeView.swift in Sources */ = {isa = PBXBuildFile; fileRef = 5DD5EFEE26CEFC8A009E341B /* HomeView.swift */; };
		5DD5EFF126CEFCE5009E341B /* PetListItemView.swift in Sources */ = {isa = PBXBuildFile; fileRef = 5DD5EFF026CEFCE5009E341B /* PetListItemView.swift */; };
		5DD5EFF426CEFD46009E341B /* ColorExtensions.swift in Sources */ = {isa = PBXBuildFile; fileRef = 5DD5EFF326CEFD46009E341B /* ColorExtensions.swift */; };
		5DD5EFF726CEFD98009E341B /* RoundedCornersShape.swift in Sources */ = {isa = PBXBuildFile; fileRef = 5DD5EFF626CEFD98009E341B /* RoundedCornersShape.swift */; };
		5DD5EFF926CEFE25009E341B /* CategoryButtonStyle.swift in Sources */ = {isa = PBXBuildFile; fileRef = 5DD5EFF826CEFE25009E341B /* CategoryButtonStyle.swift */; };
/* End PBXBuildFile section */

/* Begin PBXFileReference section */
		5D0BE5E926CED81D009E9336 /* AdoptAPet.app */ = {isa = PBXFileReference; explicitFileType = wrapper.application; includeInIndex = 0; path = AdoptAPet.app; sourceTree = BUILT_PRODUCTS_DIR; };
		5D0BE5EC26CED81D009E9336 /* AdoptAPetApp.swift */ = {isa = PBXFileReference; lastKnownFileType = sourcecode.swift; path = AdoptAPetApp.swift; sourceTree = "<group>"; };
		5D0BE5EE26CED81D009E9336 /* ContentView.swift */ = {isa = PBXFileReference; lastKnownFileType = sourcecode.swift; path = ContentView.swift; sourceTree = "<group>"; };
		5D0BE5F026CED821009E9336 /* Assets.xcassets */ = {isa = PBXFileReference; lastKnownFileType = folder.assetcatalog; path = Assets.xcassets; sourceTree = "<group>"; };
		5D0BE5F326CED821009E9336 /* Preview Assets.xcassets */ = {isa = PBXFileReference; lastKnownFileType = folder.assetcatalog; path = "Preview Assets.xcassets"; sourceTree = "<group>"; };
		5D0BE5F526CED821009E9336 /* Info.plist */ = {isa = PBXFileReference; lastKnownFileType = text.plist.xml; path = Info.plist; sourceTree = "<group>"; };
		5DD5EFEE26CEFC8A009E341B /* HomeView.swift */ = {isa = PBXFileReference; lastKnownFileType = sourcecode.swift; path = HomeView.swift; sourceTree = "<group>"; };
		5DD5EFF026CEFCE5009E341B /* PetListItemView.swift */ = {isa = PBXFileReference; lastKnownFileType = sourcecode.swift; path = PetListItemView.swift; sourceTree = "<group>"; };
		5DD5EFF326CEFD46009E341B /* ColorExtensions.swift */ = {isa = PBXFileReference; lastKnownFileType = sourcecode.swift; path = ColorExtensions.swift; sourceTree = "<group>"; };
		5DD5EFF626CEFD98009E341B /* RoundedCornersShape.swift */ = {isa = PBXFileReference; lastKnownFileType = sourcecode.swift; path = RoundedCornersShape.swift; sourceTree = "<group>"; };
		5DD5EFF826CEFE25009E341B /* CategoryButtonStyle.swift */ = {isa = PBXFileReference; lastKnownFileType = sourcecode.swift; path = CategoryButtonStyle.swift; sourceTree = "<group>"; };
/* End PBXFileReference section */

/* Begin PBXFrameworksBuildPhase section */
		5D0BE5E626CED81D009E9336 /* Frameworks */ = {
			isa = PBXFrameworksBuildPhase;
			buildActionMask = 2147483647;
			files = (
			);
			runOnlyForDeploymentPostprocessing = 0;
		};
/* End PBXFrameworksBuildPhase section */

/* Begin PBXGroup section */
		5D0BE5E026CED81D009E9336 = {
			isa = PBXGroup;
			children = (
				5D0BE5EB26CED81D009E9336 /* AdoptAPet */,
				5D0BE5EA26CED81D009E9336 /* Products */,
			);
			sourceTree = "<group>";
		};
		5D0BE5EA26CED81D009E9336 /* Products */ = {
			isa = PBXGroup;
			children = (
				5D0BE5E926CED81D009E9336 /* AdoptAPet.app */,
			);
			name = Products;
			sourceTree = "<group>";
		};
		5D0BE5EB26CED81D009E9336 /* AdoptAPet */ = {
			isa = PBXGroup;
			children = (
				5D0BE5F526CED821009E9336 /* Info.plist */,
				5D0BE5EC26CED81D009E9336 /* AdoptAPetApp.swift */,
				5DD5EFF326CEFD46009E341B /* ColorExtensions.swift */,
				5D0BE5EE26CED81D009E9336 /* ContentView.swift */,
				5DD5EFF626CEFD98009E341B /* RoundedCornersShape.swift */,
				5D0BE5F026CED821009E9336 /* Assets.xcassets */,
				5DD5EFF226CEFD29009E341B /* Home */,
				5D0BE5F226CED821009E9336 /* Preview Content */,
			);
			path = AdoptAPet;
			sourceTree = "<group>";
		};
		5D0BE5F226CED821009E9336 /* Preview Content */ = {
			isa = PBXGroup;
			children = (
				5D0BE5F326CED821009E9336 /* Preview Assets.xcassets */,
			);
			path = "Preview Content";
			sourceTree = "<group>";
		};
		5DD5EFF226CEFD29009E341B /* Home */ = {
			isa = PBXGroup;
			children = (
				5DD5EFEE26CEFC8A009E341B /* HomeView.swift */,
				5DD5EFF026CEFCE5009E341B /* PetListItemView.swift */,
				5DD5EFF826CEFE25009E341B /* CategoryButtonStyle.swift */,
			);
			path = Home;
			sourceTree = "<group>";
		};
/* End PBXGroup section */

/* Begin PBXNativeTarget section */
		5D0BE5E826CED81D009E9336 /* AdoptAPet */ = {
			isa = PBXNativeTarget;
			buildConfigurationList = 5D0BE5F826CED821009E9336 /* Build configuration list for PBXNativeTarget "AdoptAPet" */;
			buildPhases = (
				5D0BE5E526CED81D009E9336 /* Sources */,
				5D0BE5E626CED81D009E9336 /* Frameworks */,
				5D0BE5E726CED81D009E9336 /* Resources */,
			);
			buildRules = (
			);
			dependencies = (
			);
			name = AdoptAPet;
			productName = AdoptAPet;
			productReference = 5D0BE5E926CED81D009E9336 /* AdoptAPet.app */;
			productType = "com.apple.product-type.application";
		};
/* End PBXNativeTarget section */

/* Begin PBXProject section */
		5D0BE5E126CED81D009E9336 /* Project object */ = {
			isa = PBXProject;
			attributes = {
				LastSwiftUpdateCheck = 1250;
				LastUpgradeCheck = 1250;
				TargetAttributes = {
					5D0BE5E826CED81D009E9336 = {
						CreatedOnToolsVersion = 12.5.1;
					};
				};
			};
			buildConfigurationList = 5D0BE5E426CED81D009E9336 /* Build configuration list for PBXProject "AdoptAPet" */;
			compatibilityVersion = "Xcode 9.3";
			developmentRegion = en;
			hasScannedForEncodings = 0;
			knownRegions = (
				en,
				Base,
			);
			mainGroup = 5D0BE5E026CED81D009E9336;
			productRefGroup = 5D0BE5EA26CED81D009E9336 /* Products */;
			projectDirPath = "";
			projectRoot = "";
			targets = (
				5D0BE5E826CED81D009E9336 /* AdoptAPet */,
			);
		};
/* End PBXProject section */

/* Begin PBXResourcesBuildPhase section */
		5D0BE5E726CED81D009E9336 /* Resources */ = {
			isa = PBXResourcesBuildPhase;
			buildActionMask = 2147483647;
			files = (
				5D0BE5F426CED821009E9336 /* Preview Assets.xcassets in Resources */,
				5D0BE5F126CED821009E9336 /* Assets.xcassets in Resources */,
			);
			runOnlyForDeploymentPostprocessing = 0;
		};
/* End PBXResourcesBuildPhase section */

/* Begin PBXSourcesBuildPhase section */
		5D0BE5E526CED81D009E9336 /* Sources */ = {
			isa = PBXSourcesBuildPhase;
			buildActionMask = 2147483647;
			files = (
				5DD5EFF726CEFD98009E341B /* RoundedCornersShape.swift in Sources */,
				5DD5EFEF26CEFC8A009E341B /* HomeView.swift in Sources */,
				5DD5EFF426CEFD46009E341B /* ColorExtensions.swift in Sources */,
				5D0BE5EF26CED81D009E9336 /* ContentView.swift in Sources */,
				5D0BE5ED26CED81D009E9336 /* AdoptAPetApp.swift in Sources */,
				5DD5EFF926CEFE25009E341B /* CategoryButtonStyle.swift in Sources */,
				5DD5EFF126CEFCE5009E341B /* PetListItemView.swift in Sources */,
			);
			runOnlyForDeploymentPostprocessing = 0;
		};
/* End PBXSourcesBuildPhase section */

/* Begin XCBuildConfiguration section */
		5D0BE5F626CED821009E9336 /* Debug */ = {
			isa = XCBuildConfiguration;
			buildSettings = {
				ALWAYS_SEARCH_USER_PATHS = NO;
				CLANG_ANALYZER_NONNULL = YES;
				CLANG_ANALYZER_NUMBER_OBJECT_CONVERSION = YES_AGGRESSIVE;
				CLANG_CXX_LANGUAGE_STANDARD = "gnu++14";
				CLANG_CXX_LIBRARY = "libc++";
				CLANG_ENABLE_MODULES = YES;
				CLANG_ENABLE_OBJC_ARC = YES;
				CLANG_ENABLE_OBJC_WEAK = YES;
				CLANG_WARN_BLOCK_CAPTURE_AUTORELEASING = YES;
				CLANG_WARN_BOOL_CONVERSION = YES;
				CLANG_WARN_COMMA = YES;
				CLANG_WARN_CONSTANT_CONVERSION = YES;
				CLANG_WARN_DEPRECATED_OBJC_IMPLEMENTATIONS = YES;
				CLANG_WARN_DIRECT_OBJC_ISA_USAGE = YES_ERROR;
				CLANG_WARN_DOCUMENTATION_COMMENTS = YES;
				CLANG_WARN_EMPTY_BODY = YES;
				CLANG_WARN_ENUM_CONVERSION = YES;
				CLANG_WARN_INFINITE_RECURSION = YES;
				CLANG_WARN_INT_CONVERSION = YES;
				CLANG_WARN_NON_LITERAL_NULL_CONVERSION = YES;
				CLANG_WARN_OBJC_IMPLICIT_RETAIN_SELF = YES;
				CLANG_WARN_OBJC_LITERAL_CONVERSION = YES;
				CLANG_WARN_OBJC_ROOT_CLASS = YES_ERROR;
				CLANG_WARN_QUOTED_INCLUDE_IN_FRAMEWORK_HEADER = YES;
				CLANG_WARN_RANGE_LOOP_ANALYSIS = YES;
				CLANG_WARN_STRICT_PROTOTYPES = YES;
				CLANG_WARN_SUSPICIOUS_MOVE = YES;
				CLANG_WARN_UNGUARDED_AVAILABILITY = YES_AGGRESSIVE;
				CLANG_WARN_UNREACHABLE_CODE = YES;
				CLANG_WARN__DUPLICATE_METHOD_MATCH = YES;
				COPY_PHASE_STRIP = NO;
				DEBUG_INFORMATION_FORMAT = dwarf;
				ENABLE_STRICT_OBJC_MSGSEND = YES;
				ENABLE_TESTABILITY = YES;
				GCC_C_LANGUAGE_STANDARD = gnu11;
				GCC_DYNAMIC_NO_PIC = NO;
				GCC_NO_COMMON_BLOCKS = YES;
				GCC_OPTIMIZATION_LEVEL = 0;
				GCC_PREPROCESSOR_DEFINITIONS = (
					"DEBUG=1",
					"$(inherited)",
				);
				GCC_WARN_64_TO_32_BIT_CONVERSION = YES;
				GCC_WARN_ABOUT_RETURN_TYPE = YES_ERROR;
				GCC_WARN_UNDECLARED_SELECTOR = YES;
				GCC_WARN_UNINITIALIZED_AUTOS = YES_AGGRESSIVE;
				GCC_WARN_UNUSED_FUNCTION = YES;
				GCC_WARN_UNUSED_VARIABLE = YES;
				IPHONEOS_DEPLOYMENT_TARGET = 14.5;
				MTL_ENABLE_DEBUG_INFO = INCLUDE_SOURCE;
				MTL_FAST_MATH = YES;
				ONLY_ACTIVE_ARCH = YES;
				SDKROOT = iphoneos;
				SWIFT_ACTIVE_COMPILATION_CONDITIONS = DEBUG;
				SWIFT_OPTIMIZATION_LEVEL = "-Onone";
			};
			name = Debug;
		};
		5D0BE5F726CED821009E9336 /* Release */ = {
			isa = XCBuildConfiguration;
			buildSettings = {
				ALWAYS_SEARCH_USER_PATHS = NO;
				CLANG_ANALYZER_NONNULL = YES;
				CLANG_ANALYZER_NUMBER_OBJECT_CONVERSION = YES_AGGRESSIVE;
				CLANG_CXX_LANGUAGE_STANDARD = "gnu++14";
				CLANG_CXX_LIBRARY = "libc++";
				CLANG_ENABLE_MODULES = YES;
				CLANG_ENABLE_OBJC_ARC = YES;
				CLANG_ENABLE_OBJC_WEAK = YES;
				CLANG_WARN_BLOCK_CAPTURE_AUTORELEASING = YES;
				CLANG_WARN_BOOL_CONVERSION = YES;
				CLANG_WARN_COMMA = YES;
				CLANG_WARN_CONSTANT_CONVERSION = YES;
				CLANG_WARN_DEPRECATED_OBJC_IMPLEMENTATIONS = YES;
				CLANG_WARN_DIRECT_OBJC_ISA_USAGE = YES_ERROR;
				CLANG_WARN_DOCUMENTATION_COMMENTS = YES;
				CLANG_WARN_EMPTY_BODY = YES;
				CLANG_WARN_ENUM_CONVERSION = YES;
				CLANG_WARN_INFINITE_RECURSION = YES;
				CLANG_WARN_INT_CONVERSION = YES;
				CLANG_WARN_NON_LITERAL_NULL_CONVERSION = YES;
				CLANG_WARN_OBJC_IMPLICIT_RETAIN_SELF = YES;
				CLANG_WARN_OBJC_LITERAL_CONVERSION = YES;
				CLANG_WARN_OBJC_ROOT_CLASS = YES_ERROR;
				CLANG_WARN_QUOTED_INCLUDE_IN_FRAMEWORK_HEADER = YES;
				CLANG_WARN_RANGE_LOOP_ANALYSIS = YES;
				CLANG_WARN_STRICT_PROTOTYPES = YES;
				CLANG_WARN_SUSPICIOUS_MOVE = YES;
				CLANG_WARN_UNGUARDED_AVAILABILITY = YES_AGGRESSIVE;
				CLANG_WARN_UNREACHABLE_CODE = YES;
				CLANG_WARN__DUPLICATE_METHOD_MATCH = YES;
				COPY_PHASE_STRIP = NO;
				DEBUG_INFORMATION_FORMAT = "dwarf-with-dsym";
				ENABLE_NS_ASSERTIONS = NO;
				ENABLE_STRICT_OBJC_MSGSEND = YES;
				GCC_C_LANGUAGE_STANDARD = gnu11;
				GCC_NO_COMMON_BLOCKS = YES;
				GCC_WARN_64_TO_32_BIT_CONVERSION = YES;
				GCC_WARN_ABOUT_RETURN_TYPE = YES_ERROR;
				GCC_WARN_UNDECLARED_SELECTOR = YES;
				GCC_WARN_UNINITIALIZED_AUTOS = YES_AGGRESSIVE;
				GCC_WARN_UNUSED_FUNCTION = YES;
				GCC_WARN_UNUSED_VARIABLE = YES;
				IPHONEOS_DEPLOYMENT_TARGET = 14.5;
				MTL_ENABLE_DEBUG_INFO = NO;
				MTL_FAST_MATH = YES;
				SDKROOT = iphoneos;
				SWIFT_COMPILATION_MODE = wholemodule;
				SWIFT_OPTIMIZATION_LEVEL = "-O";
				VALIDATE_PRODUCT = YES;
			};
			name = Release;
		};
		5D0BE5F926CED821009E9336 /* Debug */ = {
			isa = XCBuildConfiguration;
			buildSettings = {
				ASSETCATALOG_COMPILER_APPICON_NAME = AppIcon;
				ASSETCATALOG_COMPILER_GLOBAL_ACCENT_COLOR_NAME = AccentColor;
				CODE_SIGN_STYLE = Automatic;
				DEVELOPMENT_ASSET_PATHS = "\"AdoptAPet/Preview Content\"";
				DEVELOPMENT_TEAM = ZJSZZS49UL;
				ENABLE_PREVIEWS = YES;
				INFOPLIST_FILE = AdoptAPet/Info.plist;
				IPHONEOS_DEPLOYMENT_TARGET = 14.0;
				LD_RUNPATH_SEARCH_PATHS = (
					"$(inherited)",
					"@executable_path/Frameworks",
				);
				PRODUCT_BUNDLE_IDENTIFIER = "Dmitriy-Shmilo.AdoptAPet";
				PRODUCT_NAME = "$(TARGET_NAME)";
				SWIFT_VERSION = 5.0;
				TARGETED_DEVICE_FAMILY = "1,2";
			};
			name = Debug;
		};
		5D0BE5FA26CED821009E9336 /* Release */ = {
			isa = XCBuildConfiguration;
			buildSettings = {
				ASSETCATALOG_COMPILER_APPICON_NAME = AppIcon;
				ASSETCATALOG_COMPILER_GLOBAL_ACCENT_COLOR_NAME = AccentColor;
				CODE_SIGN_STYLE = Automatic;
				DEVELOPMENT_ASSET_PATHS = "\"AdoptAPet/Preview Content\"";
				DEVELOPMENT_TEAM = ZJSZZS49UL;
				ENABLE_PREVIEWS = YES;
				INFOPLIST_FILE = AdoptAPet/Info.plist;
				IPHONEOS_DEPLOYMENT_TARGET = 14.0;
				LD_RUNPATH_SEARCH_PATHS = (
					"$(inherited)",
					"@executable_path/Frameworks",
				);
				PRODUCT_BUNDLE_IDENTIFIER = "Dmitriy-Shmilo.AdoptAPet";
				PRODUCT_NAME = "$(TARGET_NAME)";
				SWIFT_VERSION = 5.0;
				TARGETED_DEVICE_FAMILY = "1,2";
			};
			name = Release;
		};
/* End XCBuildConfiguration section */

/* Begin XCConfigurationList section */
		5D0BE5E426CED81D009E9336 /* Build configuration list for PBXProject "AdoptAPet" */ = {
			isa = XCConfigurationList;
			buildConfigurations = (
				5D0BE5F626CED821009E9336 /* Debug */,
				5D0BE5F726CED821009E9336 /* Release */,
			);
			defaultConfigurationIsVisible = 0;
			defaultConfigurationName = Release;
		};
		5D0BE5F826CED821009E9336 /* Build configuration list for PBXNativeTarget "AdoptAPet" */ = {
			isa = XCConfigurationList;
			buildConfigurations = (
				5D0BE5F926CED821009E9336 /* Debug */,
				5D0BE5FA26CED821009E9336 /* Release */,
			);
			defaultConfigurationIsVisible = 0;
			defaultConfigurationName = Release;
		};
/* End XCConfigurationList section */
	};
	rootObject = 5D0BE5E126CED81D009E9336 /* Project object */;
}
